
Microsoft Visual Studio Solution File, Format Version 12.00
# Visual Studio Version 17
VisualStudioVersion = 17.9.34728.123
MinimumVisualStudioVersion = 10.0.40219.1
Project("{9A19103F-16F7-4668-BE54-9A1E7A4F7556}") = "ClasesMetodosEstaticos", "ClasesMetodosEstaticos\ClasesMetodosEstaticos.csproj", "{B011BE4C-F6F6-403D-9364-3974CBAF7D66}"
EndProject
Project("{9A19103F-16F7-4668-BE54-9A1E7A4F7556}") = "ExtensionMetodos", "ExtensionMetodos\ExtensionMetodos.csproj", "{55E1948A-AFA3-482B-9ED6-8488EB104F70}"
EndProject
Project("{9A19103F-16F7-4668-BE54-9A1E7A4F7556}") = "ClasesParciales", "ClasesParciales\ClasesParciales.csproj", "{297C20DC-6F63-4A0F-8435-57EB7F1DB082}"
EndProject
Project("{9A19103F-16F7-4668-BE54-9A1E7A4F7556}") = "TipoENUM", "TipoENUM\TipoENUM.csproj", "{28630148-FE12-40A2-9E8D-FFC598A5FEF3}"
EndProject
Project("{9A19103F-16F7-4668-BE54-9A1E7A4F7556}") = "Anotaciones", "Anotaciones\Anotaciones.csproj", "{8582A688-1726-4280-8081-0EF2AC6DF288}"
EndProject
Global
	GlobalSection(SolutionConfigurationPlatforms) = preSolution
		Debug|Any CPU = Debug|Any CPU
		Release|Any CPU = Release|Any CPU
	EndGlobalSection
	GlobalSection(ProjectConfigurationPlatforms) = postSolution
		{B011BE4C-F6F6-403D-9364-3974CBAF7D66}.Debug|Any CPU.ActiveCfg = Debug|Any CPU
		{B011BE4C-F6F6-403D-9364-3974CBAF7D66}.Debug|Any CPU.Build.0 = Debug|Any CPU
		{B011BE4C-F6F6-403D-9364-3974CBAF7D66}.Release|Any CPU.ActiveCfg = Release|Any CPU
		{B011BE4C-F6F6-403D-9364-3974CBAF7D66}.Release|Any CPU.Build.0 = Release|Any CPU
		{55E1948A-AFA3-482B-9ED6-8488EB104F70}.Debug|Any CPU.ActiveCfg = Debug|Any CPU
		{55E1948A-AFA3-482B-9ED6-8488EB104F70}.Debug|Any CPU.Build.0 = Debug|Any CPU
		{55E1948A-AFA3-482B-9ED6-8488EB104F70}.Release|Any CPU.ActiveCfg = Release|Any CPU
		{55E1948A-AFA3-482B-9ED6-8488EB104F70}.Release|Any CPU.Build.0 = Release|Any CPU
		{297C20DC-6F63-4A0F-8435-57EB7F1DB082}.Debug|Any CPU.ActiveCfg = Debug|Any CPU
		{297C20DC-6F63-4A0F-8435-57EB7F1DB082}.Debug|Any CPU.Build.0 = Debug|Any CPU
		{297C20DC-6F63-4A0F-8435-57EB7F1DB082}.Release|Any CPU.ActiveCfg = Release|Any CPU
		{297C20DC-6F63-4A0F-8435-57EB7F1DB082}.Release|Any CPU.Build.0 = Release|Any CPU
		{28630148-FE12-40A2-9E8D-FFC598A5FEF3}.Debug|Any CPU.ActiveCfg = Debug|Any CPU
		{28630148-FE12-40A2-9E8D-FFC598A5FEF3}.Debug|Any CPU.Build.0 = Debug|Any CPU
		{28630148-FE12-40A2-9E8D-FFC598A5FEF3}.Release|Any CPU.ActiveCfg = Release|Any CPU
		{28630148-FE12-40A2-9E8D-FFC598A5FEF3}.Release|Any CPU.Build.0 = Release|Any CPU
		{8582A688-1726-4280-8081-0EF2AC6DF288}.Debug|Any CPU.ActiveCfg = Debug|Any CPU
		{8582A688-1726-4280-8081-0EF2AC6DF288}.Debug|Any CPU.Build.0 = Debug|Any CPU
		{8582A688-1726-4280-8081-0EF2AC6DF288}.Release|Any CPU.ActiveCfg = Release|Any CPU
		{8582A688-1726-4280-8081-0EF2AC6DF288}.Release|Any CPU.Build.0 = Release|Any CPU
	EndGlobalSection
	GlobalSection(SolutionProperties) = preSolution
		HideSolutionNode = FALSE
	EndGlobalSection
	GlobalSection(ExtensibilityGlobals) = postSolution
		SolutionGuid = {DEB365B9-D47B-4B5A-B8FE-DEA0C1C29A83}
	EndGlobalSection
EndGlobal
